// !$*UTF8*$!
{
	archiveVersion = 1;
	classes = {
	};
	objectVersion = 56;
	objects = {

/* Begin PBXBuildFile section */
		53456D7129B8F64F00AC942A /* LikesDataModel.xcdatamodeld in Sources */ = {isa = PBXBuildFile; fileRef = 53456D6F29B8F64F00AC942A /* LikesDataModel.xcdatamodeld */; };
		538F2DF32A07FCAF00FEA608 /* Resources.swift in Sources */ = {isa = PBXBuildFile; fileRef = 538F2DF22A07FCAF00FEA608 /* Resources.swift */; };
		538F2DF72A07FFF300FEA608 /* TableViewCell.swift in Sources */ = {isa = PBXBuildFile; fileRef = 538F2DF62A07FFF300FEA608 /* TableViewCell.swift */; };
		53F96E1329BA3E6000B5092B /* DataService.swift in Sources */ = {isa = PBXBuildFile; fileRef = 53F96E1229BA3E6000B5092B /* DataService.swift */; };
		53FE699B2964D335002102F4 /* AppDelegate.swift in Sources */ = {isa = PBXBuildFile; fileRef = 53FE699A2964D335002102F4 /* AppDelegate.swift */; };
		53FE699D2964D335002102F4 /* SceneDelegate.swift in Sources */ = {isa = PBXBuildFile; fileRef = 53FE699C2964D335002102F4 /* SceneDelegate.swift */; };
		53FE699F2964D335002102F4 /* NyaMeowViewController.swift in Sources */ = {isa = PBXBuildFile; fileRef = 53FE699E2964D335002102F4 /* NyaMeowViewController.swift */; };
		53FE69A42964D33B002102F4 /* Assets.xcassets in Resources */ = {isa = PBXBuildFile; fileRef = 53FE69A32964D33B002102F4 /* Assets.xcassets */; };
		53FE69A72964D33B002102F4 /* LaunchScreen.storyboard in Resources */ = {isa = PBXBuildFile; fileRef = 53FE69A52964D33B002102F4 /* LaunchScreen.storyboard */; };
		53FE69AF2964E224002102F4 /* NyaMeowView.swift in Sources */ = {isa = PBXBuildFile; fileRef = 53FE69AE2964E224002102F4 /* NyaMeowView.swift */; };
		53FE69B329661E97002102F4 /* CatManager.swift in Sources */ = {isa = PBXBuildFile; fileRef = 53FE69B229661E97002102F4 /* CatManager.swift */; };
		53FE69B6296621D0002102F4 /* ImageAndFactModel.swift in Sources */ = {isa = PBXBuildFile; fileRef = 53FE69B5296621D0002102F4 /* ImageAndFactModel.swift */; };
		53FE69BA2980327A002102F4 /* LikesViewController.swift in Sources */ = {isa = PBXBuildFile; fileRef = 53FE69B929803279002102F4 /* LikesViewController.swift */; };
		53FE69BC2980389A002102F4 /* LikesView.swift in Sources */ = {isa = PBXBuildFile; fileRef = 53FE69BB2980389A002102F4 /* LikesView.swift */; };
/* End PBXBuildFile section */

/* Begin PBXFileReference section */
		53456D7029B8F64F00AC942A /* LikesDataModel.xcdatamodel */ = {isa = PBXFileReference; lastKnownFileType = wrapper.xcdatamodel; path = LikesDataModel.xcdatamodel; sourceTree = "<group>"; };
		538F2DF22A07FCAF00FEA608 /* Resources.swift */ = {isa = PBXFileReference; lastKnownFileType = sourcecode.swift; path = Resources.swift; sourceTree = "<group>"; };
		538F2DF62A07FFF300FEA608 /* TableViewCell.swift */ = {isa = PBXFileReference; lastKnownFileType = sourcecode.swift; path = TableViewCell.swift; sourceTree = "<group>"; };
		53F96E1229BA3E6000B5092B /* DataService.swift */ = {isa = PBXFileReference; lastKnownFileType = sourcecode.swift; path = DataService.swift; sourceTree = "<group>"; };
		53FE69972964D335002102F4 /* NyaMeow.app */ = {isa = PBXFileReference; explicitFileType = wrapper.application; includeInIndex = 0; path = NyaMeow.app; sourceTree = BUILT_PRODUCTS_DIR; };
		53FE699A2964D335002102F4 /* AppDelegate.swift */ = {isa = PBXFileReference; lastKnownFileType = sourcecode.swift; path = AppDelegate.swift; sourceTree = "<group>"; };
		53FE699C2964D335002102F4 /* SceneDelegate.swift */ = {isa = PBXFileReference; lastKnownFileType = sourcecode.swift; path = SceneDelegate.swift; sourceTree = "<group>"; };
		53FE699E2964D335002102F4 /* NyaMeowViewController.swift */ = {isa = PBXFileReference; lastKnownFileType = sourcecode.swift; path = NyaMeowViewController.swift; sourceTree = "<group>"; };
		53FE69A32964D33B002102F4 /* Assets.xcassets */ = {isa = PBXFileReference; lastKnownFileType = folder.assetcatalog; path = Assets.xcassets; sourceTree = "<group>"; };
		53FE69A62964D33B002102F4 /* Base */ = {isa = PBXFileReference; lastKnownFileType = file.storyboard; name = Base; path = Base.lproj/LaunchScreen.storyboard; sourceTree = "<group>"; };
		53FE69A82964D33B002102F4 /* Info.plist */ = {isa = PBXFileReference; lastKnownFileType = text.plist.xml; path = Info.plist; sourceTree = "<group>"; };
		53FE69AE2964E224002102F4 /* NyaMeowView.swift */ = {isa = PBXFileReference; lastKnownFileType = sourcecode.swift; path = NyaMeowView.swift; sourceTree = "<group>"; };
		53FE69B229661E97002102F4 /* CatManager.swift */ = {isa = PBXFileReference; lastKnownFileType = sourcecode.swift; path = CatManager.swift; sourceTree = "<group>"; };
		53FE69B5296621D0002102F4 /* ImageAndFactModel.swift */ = {isa = PBXFileReference; lastKnownFileType = sourcecode.swift; path = ImageAndFactModel.swift; sourceTree = "<group>"; };
		53FE69B929803279002102F4 /* LikesViewController.swift */ = {isa = PBXFileReference; lastKnownFileType = sourcecode.swift; path = LikesViewController.swift; sourceTree = "<group>"; };
		53FE69BB2980389A002102F4 /* LikesView.swift */ = {isa = PBXFileReference; lastKnownFileType = sourcecode.swift; path = LikesView.swift; sourceTree = "<group>"; };
/* End PBXFileReference section */

/* Begin PBXFrameworksBuildPhase section */
		53FE69942964D335002102F4 /* Frameworks */ = {
			isa = PBXFrameworksBuildPhase;
			buildActionMask = 2147483647;
			files = (
			);
			runOnlyForDeploymentPostprocessing = 0;
		};
/* End PBXFrameworksBuildPhase section */

/* Begin PBXGroup section */
		53456D7229B8F66F00AC942A /* Data Model */ = {
			isa = PBXGroup;
			children = (
				53456D6F29B8F64F00AC942A /* LikesDataModel.xcdatamodeld */,
			);
			path = "Data Model";
			sourceTree = "<group>";
		};
		53FE698E2964D335002102F4 = {
			isa = PBXGroup;
			children = (
				53FE69992964D335002102F4 /* NyaMeow */,
				53FE69982964D335002102F4 /* Products */,
			);
			sourceTree = "<group>";
		};
		53FE69982964D335002102F4 /* Products */ = {
			isa = PBXGroup;
			children = (
				53FE69972964D335002102F4 /* NyaMeow.app */,
			);
			name = Products;
			sourceTree = "<group>";
		};
		53FE69992964D335002102F4 /* NyaMeow */ = {
			isa = PBXGroup;
			children = (
				53FE699A2964D335002102F4 /* AppDelegate.swift */,
				53FE699C2964D335002102F4 /* SceneDelegate.swift */,
				53456D7229B8F66F00AC942A /* Data Model */,
				53FE69B429661EAD002102F4 /* Model */,
				53FE69B029661E6C002102F4 /* View */,
				53FE69B129661E7D002102F4 /* Controller */,
				53FE69A32964D33B002102F4 /* Assets.xcassets */,
				53FE69A52964D33B002102F4 /* LaunchScreen.storyboard */,
				53FE69A82964D33B002102F4 /* Info.plist */,
			);
			path = NyaMeow;
			sourceTree = "<group>";
		};
		53FE69B029661E6C002102F4 /* View */ = {
			isa = PBXGroup;
			children = (
				53FE69AE2964E224002102F4 /* NyaMeowView.swift */,
				53FE69BB2980389A002102F4 /* LikesView.swift */,
				538F2DF62A07FFF300FEA608 /* TableViewCell.swift */,
			);
			path = View;
			sourceTree = "<group>";
		};
		53FE69B129661E7D002102F4 /* Controller */ = {
			isa = PBXGroup;
			children = (
				53FE699E2964D335002102F4 /* NyaMeowViewController.swift */,
				53FE69B929803279002102F4 /* LikesViewController.swift */,
			);
			path = Controller;
			sourceTree = "<group>";
		};
		53FE69B429661EAD002102F4 /* Model */ = {
			isa = PBXGroup;
			children = (
				53FE69B229661E97002102F4 /* CatManager.swift */,
				53FE69B5296621D0002102F4 /* ImageAndFactModel.swift */,
				53F96E1229BA3E6000B5092B /* DataService.swift */,
				538F2DF22A07FCAF00FEA608 /* Resources.swift */,
			);
			path = Model;
			sourceTree = "<group>";
		};
/* End PBXGroup section */

/* Begin PBXNativeTarget section */
		53FE69962964D335002102F4 /* NyaMeow */ = {
			isa = PBXNativeTarget;
			buildConfigurationList = 53FE69AB2964D33B002102F4 /* Build configuration list for PBXNativeTarget "NyaMeow" */;
			buildPhases = (
				53FE69932964D335002102F4 /* Sources */,
				53FE69942964D335002102F4 /* Frameworks */,
				53FE69952964D335002102F4 /* Resources */,
				538F2DF12A06E3A900FEA608 /* ShellScript */,
			);
			buildRules = (
			);
			dependencies = (
			);
			name = NyaMeow;
			productName = NyaMeow;
			productReference = 53FE69972964D335002102F4 /* NyaMeow.app */;
			productType = "com.apple.product-type.application";
		};
/* End PBXNativeTarget section */

/* Begin PBXProject section */
		53FE698F2964D335002102F4 /* Project object */ = {
			isa = PBXProject;
			attributes = {
				BuildIndependentTargetsInParallel = 1;
				LastSwiftUpdateCheck = 1410;
				LastUpgradeCheck = 1410;
				TargetAttributes = {
					53FE69962964D335002102F4 = {
						CreatedOnToolsVersion = 14.1;
					};
				};
			};
			buildConfigurationList = 53FE69922964D335002102F4 /* Build configuration list for PBXProject "NyaMeow" */;
			compatibilityVersion = "Xcode 14.0";
			developmentRegion = en;
			hasScannedForEncodings = 0;
			knownRegions = (
				en,
				Base,
			);
			mainGroup = 53FE698E2964D335002102F4;
			productRefGroup = 53FE69982964D335002102F4 /* Products */;
			projectDirPath = "";
			projectRoot = "";
			targets = (
				53FE69962964D335002102F4 /* NyaMeow */,
			);
		};
/* End PBXProject section */

/* Begin PBXResourcesBuildPhase section */
		53FE69952964D335002102F4 /* Resources */ = {
			isa = PBXResourcesBuildPhase;
			buildActionMask = 2147483647;
			files = (
				53FE69A72964D33B002102F4 /* LaunchScreen.storyboard in Resources */,
				53FE69A42964D33B002102F4 /* Assets.xcassets in Resources */,
			);
			runOnlyForDeploymentPostprocessing = 0;
		};
/* End PBXResourcesBuildPhase section */

/* Begin PBXShellScriptBuildPhase section */
		538F2DF12A06E3A900FEA608 /* ShellScript */ = {
			isa = PBXShellScriptBuildPhase;
			alwaysOutOfDate = 1;
			buildActionMask = 2147483647;
			files = (
			);
			inputFileListPaths = (
			);
			inputPaths = (
			);
			outputFileListPaths = (
			);
			outputPaths = (
			);
			runOnlyForDeploymentPostprocessing = 0;
			shellPath = /bin/sh;
			shellScript = "if [[ \"$(uname -m)\" == arm64 ]]; then\n    export PATH=\"/opt/homebrew/bin:$PATH\"\nfi\n\nif which swiftlint > /dev/null; then\n  swiftlint\nelse\n  echo \"warning: SwiftLint not installed, download from https://github.com/realm/SwiftLint\"\nfi\n\n";
		};
/* End PBXShellScriptBuildPhase section */

/* Begin PBXSourcesBuildPhase section */
		53FE69932964D335002102F4 /* Sources */ = {
			isa = PBXSourcesBuildPhase;
			buildActionMask = 2147483647;
			files = (
				53FE69B6296621D0002102F4 /* ImageAndFactModel.swift in Sources */,
				53F96E1329BA3E6000B5092B /* DataService.swift in Sources */,
				53FE69BC2980389A002102F4 /* LikesView.swift in Sources */,
				53FE699F2964D335002102F4 /* NyaMeowViewController.swift in Sources */,
				53FE699B2964D335002102F4 /* AppDelegate.swift in Sources */,
				53FE69BA2980327A002102F4 /* LikesViewController.swift in Sources */,
				53FE69AF2964E224002102F4 /* NyaMeowView.swift in Sources */,
				53FE69B329661E97002102F4 /* CatManager.swift in Sources */,
				538F2DF32A07FCAF00FEA608 /* Resources.swift in Sources */,
				538F2DF72A07FFF300FEA608 /* TableViewCell.swift in Sources */,
				53456D7129B8F64F00AC942A /* LikesDataModel.xcdatamodeld in Sources */,
				53FE699D2964D335002102F4 /* SceneDelegate.swift in Sources */,
			);
			runOnlyForDeploymentPostprocessing = 0;
		};
/* End PBXSourcesBuildPhase section */

/* Begin PBXVariantGroup section */
		53FE69A52964D33B002102F4 /* LaunchScreen.storyboard */ = {
			isa = PBXVariantGroup;
			children = (
				53FE69A62964D33B002102F4 /* Base */,
			);
			name = LaunchScreen.storyboard;
			sourceTree = "<group>";
		};
/* End PBXVariantGroup section */

/* Begin XCBuildConfiguration section */
		53FE69A92964D33B002102F4 /* Debug */ = {
			isa = XCBuildConfiguration;
			buildSettings = {
				ALWAYS_SEARCH_USER_PATHS = NO;
				CLANG_ANALYZER_NONNULL = YES;
				CLANG_ANALYZER_NUMBER_OBJECT_CONVERSION = YES_AGGRESSIVE;
				CLANG_CXX_LANGUAGE_STANDARD = "gnu++20";
				CLANG_ENABLE_MODULES = YES;
				CLANG_ENABLE_OBJC_ARC = YES;
				CLANG_ENABLE_OBJC_WEAK = YES;
				CLANG_WARN_BLOCK_CAPTURE_AUTORELEASING = YES;
				CLANG_WARN_BOOL_CONVERSION = YES;
				CLANG_WARN_COMMA = YES;
				CLANG_WARN_CONSTANT_CONVERSION = YES;
				CLANG_WARN_DEPRECATED_OBJC_IMPLEMENTATIONS = YES;
				CLANG_WARN_DIRECT_OBJC_ISA_USAGE = YES_ERROR;
				CLANG_WARN_DOCUMENTATION_COMMENTS = YES;
				CLANG_WARN_EMPTY_BODY = YES;
				CLANG_WARN_ENUM_CONVERSION = YES;
				CLANG_WARN_INFINITE_RECURSION = YES;
				CLANG_WARN_INT_CONVERSION = YES;
				CLANG_WARN_NON_LITERAL_NULL_CONVERSION = YES;
				CLANG_WARN_OBJC_IMPLICIT_RETAIN_SELF = YES;
				CLANG_WARN_OBJC_LITERAL_CONVERSION = YES;
				CLANG_WARN_OBJC_ROOT_CLASS = YES_ERROR;
				CLANG_WARN_QUOTED_INCLUDE_IN_FRAMEWORK_HEADER = YES;
				CLANG_WARN_RANGE_LOOP_ANALYSIS = YES;
				CLANG_WARN_STRICT_PROTOTYPES = YES;
				CLANG_WARN_SUSPICIOUS_MOVE = YES;
				CLANG_WARN_UNGUARDED_AVAILABILITY = YES_AGGRESSIVE;
				CLANG_WARN_UNREACHABLE_CODE = YES;
				CLANG_WARN__DUPLICATE_METHOD_MATCH = YES;
				COPY_PHASE_STRIP = NO;
				DEBUG_INFORMATION_FORMAT = dwarf;
				ENABLE_STRICT_OBJC_MSGSEND = YES;
				ENABLE_TESTABILITY = YES;
				GCC_C_LANGUAGE_STANDARD = gnu11;
				GCC_DYNAMIC_NO_PIC = NO;
				GCC_NO_COMMON_BLOCKS = YES;
				GCC_OPTIMIZATION_LEVEL = 0;
				GCC_PREPROCESSOR_DEFINITIONS = (
					"DEBUG=1",
					"$(inherited)",
				);
				GCC_WARN_64_TO_32_BIT_CONVERSION = YES;
				GCC_WARN_ABOUT_RETURN_TYPE = YES_ERROR;
				GCC_WARN_UNDECLARED_SELECTOR = YES;
				GCC_WARN_UNINITIALIZED_AUTOS = YES_AGGRESSIVE;
				GCC_WARN_UNUSED_FUNCTION = YES;
				GCC_WARN_UNUSED_VARIABLE = YES;
				IPHONEOS_DEPLOYMENT_TARGET = 16.1;
				MTL_ENABLE_DEBUG_INFO = INCLUDE_SOURCE;
				MTL_FAST_MATH = YES;
				ONLY_ACTIVE_ARCH = YES;
				SDKROOT = iphoneos;
				SWIFT_ACTIVE_COMPILATION_CONDITIONS = DEBUG;
				SWIFT_OPTIMIZATION_LEVEL = "-Onone";
			};
			name = Debug;
		};
		53FE69AA2964D33B002102F4 /* Release */ = {
			isa = XCBuildConfiguration;
			buildSettings = {
				ALWAYS_SEARCH_USER_PATHS = NO;
				CLANG_ANALYZER_NONNULL = YES;
				CLANG_ANALYZER_NUMBER_OBJECT_CONVERSION = YES_AGGRESSIVE;
				CLANG_CXX_LANGUAGE_STANDARD = "gnu++20";
				CLANG_ENABLE_MODULES = YES;
				CLANG_ENABLE_OBJC_ARC = YES;
				CLANG_ENABLE_OBJC_WEAK = YES;
				CLANG_WARN_BLOCK_CAPTURE_AUTORELEASING = YES;
				CLANG_WARN_BOOL_CONVERSION = YES;
				CLANG_WARN_COMMA = YES;
				CLANG_WARN_CONSTANT_CONVERSION = YES;
				CLANG_WARN_DEPRECATED_OBJC_IMPLEMENTATIONS = YES;
				CLANG_WARN_DIRECT_OBJC_ISA_USAGE = YES_ERROR;
				CLANG_WARN_DOCUMENTATION_COMMENTS = YES;
				CLANG_WARN_EMPTY_BODY = YES;
				CLANG_WARN_ENUM_CONVERSION = YES;
				CLANG_WARN_INFINITE_RECURSION = YES;
				CLANG_WARN_INT_CONVERSION = YES;
				CLANG_WARN_NON_LITERAL_NULL_CONVERSION = YES;
				CLANG_WARN_OBJC_IMPLICIT_RETAIN_SELF = YES;
				CLANG_WARN_OBJC_LITERAL_CONVERSION = YES;
				CLANG_WARN_OBJC_ROOT_CLASS = YES_ERROR;
				CLANG_WARN_QUOTED_INCLUDE_IN_FRAMEWORK_HEADER = YES;
				CLANG_WARN_RANGE_LOOP_ANALYSIS = YES;
				CLANG_WARN_STRICT_PROTOTYPES = YES;
				CLANG_WARN_SUSPICIOUS_MOVE = YES;
				CLANG_WARN_UNGUARDED_AVAILABILITY = YES_AGGRESSIVE;
				CLANG_WARN_UNREACHABLE_CODE = YES;
				CLANG_WARN__DUPLICATE_METHOD_MATCH = YES;
				COPY_PHASE_STRIP = NO;
				DEBUG_INFORMATION_FORMAT = "dwarf-with-dsym";
				ENABLE_NS_ASSERTIONS = NO;
				ENABLE_STRICT_OBJC_MSGSEND = YES;
				GCC_C_LANGUAGE_STANDARD = gnu11;
				GCC_NO_COMMON_BLOCKS = YES;
				GCC_WARN_64_TO_32_BIT_CONVERSION = YES;
				GCC_WARN_ABOUT_RETURN_TYPE = YES_ERROR;
				GCC_WARN_UNDECLARED_SELECTOR = YES;
				GCC_WARN_UNINITIALIZED_AUTOS = YES_AGGRESSIVE;
				GCC_WARN_UNUSED_FUNCTION = YES;
				GCC_WARN_UNUSED_VARIABLE = YES;
				IPHONEOS_DEPLOYMENT_TARGET = 16.1;
				MTL_ENABLE_DEBUG_INFO = NO;
				MTL_FAST_MATH = YES;
				SDKROOT = iphoneos;
				SWIFT_COMPILATION_MODE = wholemodule;
				SWIFT_OPTIMIZATION_LEVEL = "-O";
				VALIDATE_PRODUCT = YES;
			};
			name = Release;
		};
		53FE69AC2964D33B002102F4 /* Debug */ = {
			isa = XCBuildConfiguration;
			buildSettings = {
				ASSETCATALOG_COMPILER_APPICON_NAME = AppIcon;
				ASSETCATALOG_COMPILER_GLOBAL_ACCENT_COLOR_NAME = AccentColor;
				CODE_SIGN_STYLE = Automatic;
				CURRENT_PROJECT_VERSION = 1;
				DEVELOPMENT_TEAM = 8XBPWTKSK3;
				GENERATE_INFOPLIST_FILE = YES;
				INFOPLIST_FILE = NyaMeow/Info.plist;
				INFOPLIST_KEY_UIApplicationSupportsIndirectInputEvents = YES;
				INFOPLIST_KEY_UILaunchStoryboardName = LaunchScreen;
				INFOPLIST_KEY_UIMainStoryboardFile = "";
				INFOPLIST_KEY_UISupportedInterfaceOrientations_iPad = "UIInterfaceOrientationPortrait UIInterfaceOrientationPortraitUpsideDown UIInterfaceOrientationLandscapeLeft UIInterfaceOrientationLandscapeRight";
				INFOPLIST_KEY_UISupportedInterfaceOrientations_iPhone = "UIInterfaceOrientationPortrait UIInterfaceOrientationLandscapeLeft UIInterfaceOrientationLandscapeRight";
				LD_RUNPATH_SEARCH_PATHS = (
					"$(inherited)",
					"@executable_path/Frameworks",
				);
				MARKETING_VERSION = 1.0;
				PRODUCT_BUNDLE_IDENTIFIER = com.natalcia.NyaMeow;
				PRODUCT_NAME = "$(TARGET_NAME)";
				SWIFT_EMIT_LOC_STRINGS = YES;
				SWIFT_VERSION = 5.0;
				TARGETED_DEVICE_FAMILY = "1,2";
			};
			name = Debug;
		};
		53FE69AD2964D33B002102F4 /* Release */ = {
			isa = XCBuildConfiguration;
			buildSettings = {
				ASSETCATALOG_COMPILER_APPICON_NAME = AppIcon;
				ASSETCATALOG_COMPILER_GLOBAL_ACCENT_COLOR_NAME = AccentColor;
				CODE_SIGN_STYLE = Automatic;
				CURRENT_PROJECT_VERSION = 1;
				DEVELOPMENT_TEAM = 8XBPWTKSK3;
				GENERATE_INFOPLIST_FILE = YES;
				INFOPLIST_FILE = NyaMeow/Info.plist;
				INFOPLIST_KEY_UIApplicationSupportsIndirectInputEvents = YES;
				INFOPLIST_KEY_UILaunchStoryboardName = LaunchScreen;
				INFOPLIST_KEY_UIMainStoryboardFile = "";
				INFOPLIST_KEY_UISupportedInterfaceOrientations_iPad = "UIInterfaceOrientationPortrait UIInterfaceOrientationPortraitUpsideDown UIInterfaceOrientationLandscapeLeft UIInterfaceOrientationLandscapeRight";
				INFOPLIST_KEY_UISupportedInterfaceOrientations_iPhone = "UIInterfaceOrientationPortrait UIInterfaceOrientationLandscapeLeft UIInterfaceOrientationLandscapeRight";
				LD_RUNPATH_SEARCH_PATHS = (
					"$(inherited)",
					"@executable_path/Frameworks",
				);
				MARKETING_VERSION = 1.0;
				PRODUCT_BUNDLE_IDENTIFIER = com.natalcia.NyaMeow;
				PRODUCT_NAME = "$(TARGET_NAME)";
				SWIFT_EMIT_LOC_STRINGS = YES;
				SWIFT_VERSION = 5.0;
				TARGETED_DEVICE_FAMILY = "1,2";
			};
			name = Release;
		};
/* End XCBuildConfiguration section */

/* Begin XCConfigurationList section */
		53FE69922964D335002102F4 /* Build configuration list for PBXProject "NyaMeow" */ = {
			isa = XCConfigurationList;
			buildConfigurations = (
				53FE69A92964D33B002102F4 /* Debug */,
				53FE69AA2964D33B002102F4 /* Release */,
			);
			defaultConfigurationIsVisible = 0;
			defaultConfigurationName = Release;
		};
		53FE69AB2964D33B002102F4 /* Build configuration list for PBXNativeTarget "NyaMeow" */ = {
			isa = XCConfigurationList;
			buildConfigurations = (
				53FE69AC2964D33B002102F4 /* Debug */,
				53FE69AD2964D33B002102F4 /* Release */,
			);
			defaultConfigurationIsVisible = 0;
			defaultConfigurationName = Release;
		};
/* End XCConfigurationList section */

/* Begin XCVersionGroup section */
		53456D6F29B8F64F00AC942A /* LikesDataModel.xcdatamodeld */ = {
			isa = XCVersionGroup;
			children = (
				53456D7029B8F64F00AC942A /* LikesDataModel.xcdatamodel */,
			);
			currentVersion = 53456D7029B8F64F00AC942A /* LikesDataModel.xcdatamodel */;
			path = LikesDataModel.xcdatamodeld;
			sourceTree = "<group>";
			versionGroupType = wrapper.xcdatamodel;
		};
/* End XCVersionGroup section */
	};
	rootObject = 53FE698F2964D335002102F4 /* Project object */;
}
